
Microsoft Visual Studio Solution File, Format Version 12.00
# Visual Studio 15
VisualStudioVersion = 15.0.26730.3
MinimumVisualStudioVersion = 10.0.40219.1
Project("{FAE04EC0-301F-11D3-BF4B-00C04F79EFBC}") = "Escc.Umbraco.PickupAndSendEmails", "Escc.Umbraco.PickupAndSendEmails\Escc.Umbraco.PickupAndSendEmails.csproj", "{0D979E2B-9CCF-4AB8-B190-B806F1BCB6FD}"
EndProject
Project("{FAE04EC0-301F-11D3-BF4B-00C04F79EFBC}") = "Escc.Umbraco.PickupAndSendEmails.Tests", "Escc.Umbraco.PickupAndSendEmails.Tests\Escc.Umbraco.PickupAndSendEmails.Tests.csproj", "{62AE91B0-8662-469C-9349-CC5494C90B05}"
EndProject
Global
	GlobalSection(SolutionConfigurationPlatforms) = preSolution
		Debug|Any CPU = Debug|Any CPU
		Release|Any CPU = Release|Any CPU
	EndGlobalSection
	GlobalSection(ProjectConfigurationPlatforms) = postSolution
		{0D979E2B-9CCF-4AB8-B190-B806F1BCB6FD}.Debug|Any CPU.ActiveCfg = Debug|Any CPU
		{0D979E2B-9CCF-4AB8-B190-B806F1BCB6FD}.Debug|Any CPU.Build.0 = Debug|Any CPU
		{0D979E2B-9CCF-4AB8-B190-B806F1BCB6FD}.Release|Any CPU.ActiveCfg = Release|Any CPU
		{0D979E2B-9CCF-4AB8-B190-B806F1BCB6FD}.Release|Any CPU.Build.0 = Release|Any CPU
		{62AE91B0-8662-469C-9349-CC5494C90B05}.Debug|Any CPU.ActiveCfg = Debug|Any CPU
		{62AE91B0-8662-469C-9349-CC5494C90B05}.Debug|Any CPU.Build.0 = Debug|Any CPU
		{62AE91B0-8662-469C-9349-CC5494C90B05}.Release|Any CPU.ActiveCfg = Release|Any CPU
		{62AE91B0-8662-469C-9349-CC5494C90B05}.Release|Any CPU.Build.0 = Release|Any CPU
	EndGlobalSection
	GlobalSection(SolutionProperties) = preSolution
		HideSolutionNode = FALSE
	EndGlobalSection
	GlobalSection(ExtensibilityGlobals) = postSolution
		SolutionGuid = {F8C0D863-31D5-4A86-AC42-352C9D6739A1}
	EndGlobalSection
EndGlobal
